
Microsoft Visual Studio Solution File, Format Version 12.00
# Visual Studio Version 16
VisualStudioVersion = 16.0.30523.141
MinimumVisualStudioVersion = 10.0.40219.1
Project("{8BC9CEB8-8B4A-11D0-8D11-00A0C91BC942}") = "CS150-PE06-longestHop", "CS150-PE06-longestHop.vcxproj", "{631BACD8-A427-49AA-B4F3-F4E687F773A7}"
EndProject
Global
	GlobalSection(SolutionConfigurationPlatforms) = preSolution
		Debug|x64 = Debug|x64
		Debug|x86 = Debug|x86
		Release|x64 = Release|x64
		Release|x86 = Release|x86
	EndGlobalSection
	GlobalSection(ProjectConfigurationPlatforms) = postSolution
		{631BACD8-A427-49AA-B4F3-F4E687F773A7}.Debug|x64.ActiveCfg = Debug|x64
		{631BACD8-A427-49AA-B4F3-F4E687F773A7}.Debug|x64.Build.0 = Debug|x64
		{631BACD8-A427-49AA-B4F3-F4E687F773A7}.Debug|x86.ActiveCfg = Debug|Win32
		{631BACD8-A427-49AA-B4F3-F4E687F773A7}.Debug|x86.Build.0 = Debug|Win32
		{631BACD8-A427-49AA-B4F3-F4E687F773A7}.Release|x64.ActiveCfg = Release|x64
		{631BACD8-A427-49AA-B4F3-F4E687F773A7}.Release|x64.Build.0 = Release|x64
		{631BACD8-A427-49AA-B4F3-F4E687F773A7}.Release|x86.ActiveCfg = Release|Win32
		{631BACD8-A427-49AA-B4F3-F4E687F773A7}.Release|x86.Build.0 = Release|Win32
	EndGlobalSection
	GlobalSection(SolutionProperties) = preSolution
		HideSolutionNode = FALSE
	EndGlobalSection
	GlobalSection(ExtensibilityGlobals) = postSolution
		SolutionGuid = {B20BFB48-BAFE-4AA4-B852-0A01AFB056D1}
	EndGlobalSection
EndGlobal
